
Microsoft Visual Studio Solution File, Format Version 12.00
# Visual Studio Version 17
VisualStudioVersion = 17.7.34221.43
MinimumVisualStudioVersion = 10.0.40219.1
Project("{FAE04EC0-301F-11D3-BF4B-00C04F79EFBC}") = "maze-quest", "maze-quest\maze-quest.csproj", "{264F8565-09FC-4EBF-8F87-6993F072DC23}"
EndProject
Project("{FAE04EC0-301F-11D3-BF4B-00C04F79EFBC}") = "maze-quest-class", "maze-quest-class\maze-quest-class.csproj", "{6BF87962-AA62-421F-8629-4D22744AA6C3}"
EndProject
Global
	GlobalSection(SolutionConfigurationPlatforms) = preSolution
		Debug|Any CPU = Debug|Any CPU
		Release|Any CPU = Release|Any CPU
	EndGlobalSection
	GlobalSection(ProjectConfigurationPlatforms) = postSolution
		{264F8565-09FC-4EBF-8F87-6993F072DC23}.Debug|Any CPU.ActiveCfg = Debug|Any CPU
		{264F8565-09FC-4EBF-8F87-6993F072DC23}.Debug|Any CPU.Build.0 = Debug|Any CPU
		{264F8565-09FC-4EBF-8F87-6993F072DC23}.Release|Any CPU.ActiveCfg = Release|Any CPU
		{264F8565-09FC-4EBF-8F87-6993F072DC23}.Release|Any CPU.Build.0 = Release|Any CPU
		{6BF87962-AA62-421F-8629-4D22744AA6C3}.Debug|Any CPU.ActiveCfg = Debug|Any CPU
		{6BF87962-AA62-421F-8629-4D22744AA6C3}.Debug|Any CPU.Build.0 = Debug|Any CPU
		{6BF87962-AA62-421F-8629-4D22744AA6C3}.Release|Any CPU.ActiveCfg = Release|Any CPU
		{6BF87962-AA62-421F-8629-4D22744AA6C3}.Release|Any CPU.Build.0 = Release|Any CPU
	EndGlobalSection
	GlobalSection(SolutionProperties) = preSolution
		HideSolutionNode = FALSE
	EndGlobalSection
	GlobalSection(ExtensibilityGlobals) = postSolution
		SolutionGuid = {97F425E4-7355-4F7A-8537-267C458B15AB}
	EndGlobalSection
EndGlobal
